// !$*UTF8*$!
{
	archiveVersion = 1;
	classes = {
	};
	objectVersion = 50;
	objects = {

/* Begin PBXBuildFile section */
		BC1CD0DA2626024800C72422 /* AppDelegate.swift in Sources */ = {isa = PBXBuildFile; fileRef = BC1CD0D92626024800C72422 /* AppDelegate.swift */; };
		BC1CD0DC2626024800C72422 /* SceneDelegate.swift in Sources */ = {isa = PBXBuildFile; fileRef = BC1CD0DB2626024800C72422 /* SceneDelegate.swift */; };
		BC1CD0E12626024800C72422 /* MovimentView.storyboard in Resources */ = {isa = PBXBuildFile; fileRef = BC1CD0DF2626024800C72422 /* MovimentView.storyboard */; };
		BC1CD0E32626024A00C72422 /* Assets.xcassets in Resources */ = {isa = PBXBuildFile; fileRef = BC1CD0E22626024A00C72422 /* Assets.xcassets */; };
		BC1CD0E62626024A00C72422 /* LaunchScreen.storyboard in Resources */ = {isa = PBXBuildFile; fileRef = BC1CD0E42626024A00C72422 /* LaunchScreen.storyboard */; };
		BC1CD0F12626024A00C72422 /* VIPERiOSTests.swift in Sources */ = {isa = PBXBuildFile; fileRef = BC1CD0F02626024A00C72422 /* VIPERiOSTests.swift */; };
		BC1CD1022626027100C72422 /* MovimentPresenter.swift in Sources */ = {isa = PBXBuildFile; fileRef = BC1CD0FB2626027100C72422 /* MovimentPresenter.swift */; };
		BC1CD1032626027100C72422 /* MovimentLocalDataManager.swift in Sources */ = {isa = PBXBuildFile; fileRef = BC1CD0FC2626027100C72422 /* MovimentLocalDataManager.swift */; };
		BC1CD1042626027100C72422 /* MovimentProtocols.swift in Sources */ = {isa = PBXBuildFile; fileRef = BC1CD0FD2626027100C72422 /* MovimentProtocols.swift */; };
		BC1CD1052626027100C72422 /* MovimentInteractor.swift in Sources */ = {isa = PBXBuildFile; fileRef = BC1CD0FE2626027100C72422 /* MovimentInteractor.swift */; };
		BC1CD1062626027100C72422 /* MovimentView.swift in Sources */ = {isa = PBXBuildFile; fileRef = BC1CD0FF2626027100C72422 /* MovimentView.swift */; };
		BC1CD1072626027100C72422 /* MovimentRemoteDataManager.swift in Sources */ = {isa = PBXBuildFile; fileRef = BC1CD1002626027100C72422 /* MovimentRemoteDataManager.swift */; };
		BC1CD1082626027100C72422 /* MovimentWireFrame.swift in Sources */ = {isa = PBXBuildFile; fileRef = BC1CD1012626027100C72422 /* MovimentWireFrame.swift */; };
		BC1CD113262890C400C72422 /* Product.swift in Sources */ = {isa = PBXBuildFile; fileRef = BC1CD112262890C400C72422 /* Product.swift */; };
		BC93E4B6262F1E3400F160AA /* detailProductView.storyboard in Resources */ = {isa = PBXBuildFile; fileRef = BC93E4B5262F1E3400F160AA /* detailProductView.storyboard */; };
		BCB7F3AB262F146B00CD4BB1 /* ProductTableViewCell.swift in Sources */ = {isa = PBXBuildFile; fileRef = BCB7F3AA262F146B00CD4BB1 /* ProductTableViewCell.swift */; };
		BCB7F3B4262F162E00CD4BB1 /* detailProductPresenter.swift in Sources */ = {isa = PBXBuildFile; fileRef = BCB7F3AD262F162E00CD4BB1 /* detailProductPresenter.swift */; };
		BCB7F3B5262F162E00CD4BB1 /* detailProductLocalDataManager.swift in Sources */ = {isa = PBXBuildFile; fileRef = BCB7F3AE262F162E00CD4BB1 /* detailProductLocalDataManager.swift */; };
		BCB7F3B6262F162E00CD4BB1 /* detailProductProtocols.swift in Sources */ = {isa = PBXBuildFile; fileRef = BCB7F3AF262F162E00CD4BB1 /* detailProductProtocols.swift */; };
		BCB7F3B7262F162E00CD4BB1 /* detailProductInteractor.swift in Sources */ = {isa = PBXBuildFile; fileRef = BCB7F3B0262F162E00CD4BB1 /* detailProductInteractor.swift */; };
		BCB7F3B8262F162E00CD4BB1 /* detailProductView.swift in Sources */ = {isa = PBXBuildFile; fileRef = BCB7F3B1262F162E00CD4BB1 /* detailProductView.swift */; };
		BCB7F3B9262F162E00CD4BB1 /* detailProductRemoteDataManager.swift in Sources */ = {isa = PBXBuildFile; fileRef = BCB7F3B2262F162E00CD4BB1 /* detailProductRemoteDataManager.swift */; };
		BCB7F3BA262F162E00CD4BB1 /* detailProductWireFrame.swift in Sources */ = {isa = PBXBuildFile; fileRef = BCB7F3B3262F162E00CD4BB1 /* detailProductWireFrame.swift */; };
/* End PBXBuildFile section */

/* Begin PBXContainerItemProxy section */
		BC1CD0ED2626024A00C72422 /* PBXContainerItemProxy */ = {
			isa = PBXContainerItemProxy;
			containerPortal = BC1CD0CE2626024800C72422 /* Project object */;
			proxyType = 1;
			remoteGlobalIDString = BC1CD0D52626024800C72422;
			remoteInfo = VIPERiOS;
		};
/* End PBXContainerItemProxy section */

/* Begin PBXFileReference section */
		BC1CD0D62626024800C72422 /* VIPERiOS.app */ = {isa = PBXFileReference; explicitFileType = wrapper.application; includeInIndex = 0; path = VIPERiOS.app; sourceTree = BUILT_PRODUCTS_DIR; };
		BC1CD0D92626024800C72422 /* AppDelegate.swift */ = {isa = PBXFileReference; lastKnownFileType = sourcecode.swift; path = AppDelegate.swift; sourceTree = "<group>"; };
		BC1CD0DB2626024800C72422 /* SceneDelegate.swift */ = {isa = PBXFileReference; lastKnownFileType = sourcecode.swift; path = SceneDelegate.swift; sourceTree = "<group>"; };
		BC1CD0E02626024800C72422 /* Base */ = {isa = PBXFileReference; lastKnownFileType = file.storyboard; name = Base; path = Base.lproj/MovimentView.storyboard; sourceTree = "<group>"; };
		BC1CD0E22626024A00C72422 /* Assets.xcassets */ = {isa = PBXFileReference; lastKnownFileType = folder.assetcatalog; path = Assets.xcassets; sourceTree = "<group>"; };
		BC1CD0E52626024A00C72422 /* Base */ = {isa = PBXFileReference; lastKnownFileType = file.storyboard; name = Base; path = Base.lproj/LaunchScreen.storyboard; sourceTree = "<group>"; };
		BC1CD0E72626024A00C72422 /* Info.plist */ = {isa = PBXFileReference; lastKnownFileType = text.plist.xml; path = Info.plist; sourceTree = "<group>"; };
		BC1CD0EC2626024A00C72422 /* VIPERiOSTests.xctest */ = {isa = PBXFileReference; explicitFileType = wrapper.cfbundle; includeInIndex = 0; path = VIPERiOSTests.xctest; sourceTree = BUILT_PRODUCTS_DIR; };
		BC1CD0F02626024A00C72422 /* VIPERiOSTests.swift */ = {isa = PBXFileReference; lastKnownFileType = sourcecode.swift; path = VIPERiOSTests.swift; sourceTree = "<group>"; };
		BC1CD0F22626024A00C72422 /* Info.plist */ = {isa = PBXFileReference; lastKnownFileType = text.plist.xml; path = Info.plist; sourceTree = "<group>"; };
		BC1CD0FB2626027100C72422 /* MovimentPresenter.swift */ = {isa = PBXFileReference; lastKnownFileType = sourcecode.swift; path = MovimentPresenter.swift; sourceTree = "<group>"; };
		BC1CD0FC2626027100C72422 /* MovimentLocalDataManager.swift */ = {isa = PBXFileReference; lastKnownFileType = sourcecode.swift; path = MovimentLocalDataManager.swift; sourceTree = "<group>"; };
		BC1CD0FD2626027100C72422 /* MovimentProtocols.swift */ = {isa = PBXFileReference; lastKnownFileType = sourcecode.swift; path = MovimentProtocols.swift; sourceTree = "<group>"; };
		BC1CD0FE2626027100C72422 /* MovimentInteractor.swift */ = {isa = PBXFileReference; lastKnownFileType = sourcecode.swift; path = MovimentInteractor.swift; sourceTree = "<group>"; };
		BC1CD0FF2626027100C72422 /* MovimentView.swift */ = {isa = PBXFileReference; lastKnownFileType = sourcecode.swift; path = MovimentView.swift; sourceTree = "<group>"; };
		BC1CD1002626027100C72422 /* MovimentRemoteDataManager.swift */ = {isa = PBXFileReference; lastKnownFileType = sourcecode.swift; path = MovimentRemoteDataManager.swift; sourceTree = "<group>"; };
		BC1CD1012626027100C72422 /* MovimentWireFrame.swift */ = {isa = PBXFileReference; lastKnownFileType = sourcecode.swift; path = MovimentWireFrame.swift; sourceTree = "<group>"; };
		BC1CD112262890C400C72422 /* Product.swift */ = {isa = PBXFileReference; lastKnownFileType = sourcecode.swift; path = Product.swift; sourceTree = "<group>"; };
		BC93E4B5262F1E3400F160AA /* detailProductView.storyboard */ = {isa = PBXFileReference; lastKnownFileType = file.storyboard; path = detailProductView.storyboard; sourceTree = "<group>"; };
		BCB7F3AA262F146B00CD4BB1 /* ProductTableViewCell.swift */ = {isa = PBXFileReference; lastKnownFileType = sourcecode.swift; path = ProductTableViewCell.swift; sourceTree = "<group>"; };
		BCB7F3AD262F162E00CD4BB1 /* detailProductPresenter.swift */ = {isa = PBXFileReference; lastKnownFileType = sourcecode.swift; path = detailProductPresenter.swift; sourceTree = "<group>"; };
		BCB7F3AE262F162E00CD4BB1 /* detailProductLocalDataManager.swift */ = {isa = PBXFileReference; lastKnownFileType = sourcecode.swift; path = detailProductLocalDataManager.swift; sourceTree = "<group>"; };
		BCB7F3AF262F162E00CD4BB1 /* detailProductProtocols.swift */ = {isa = PBXFileReference; lastKnownFileType = sourcecode.swift; path = detailProductProtocols.swift; sourceTree = "<group>"; };
		BCB7F3B0262F162E00CD4BB1 /* detailProductInteractor.swift */ = {isa = PBXFileReference; lastKnownFileType = sourcecode.swift; path = detailProductInteractor.swift; sourceTree = "<group>"; };
		BCB7F3B1262F162E00CD4BB1 /* detailProductView.swift */ = {isa = PBXFileReference; lastKnownFileType = sourcecode.swift; path = detailProductView.swift; sourceTree = "<group>"; };
		BCB7F3B2262F162E00CD4BB1 /* detailProductRemoteDataManager.swift */ = {isa = PBXFileReference; lastKnownFileType = sourcecode.swift; path = detailProductRemoteDataManager.swift; sourceTree = "<group>"; };
		BCB7F3B3262F162E00CD4BB1 /* detailProductWireFrame.swift */ = {isa = PBXFileReference; lastKnownFileType = sourcecode.swift; path = detailProductWireFrame.swift; sourceTree = "<group>"; };
/* End PBXFileReference section */

/* Begin PBXFrameworksBuildPhase section */
		BC1CD0D32626024800C72422 /* Frameworks */ = {
			isa = PBXFrameworksBuildPhase;
			buildActionMask = 2147483647;
			files = (
			);
			runOnlyForDeploymentPostprocessing = 0;
		};
		BC1CD0E92626024A00C72422 /* Frameworks */ = {
			isa = PBXFrameworksBuildPhase;
			buildActionMask = 2147483647;
			files = (
			);
			runOnlyForDeploymentPostprocessing = 0;
		};
/* End PBXFrameworksBuildPhase section */

/* Begin PBXGroup section */
		BC1CD0CD2626024800C72422 = {
			isa = PBXGroup;
			children = (
				BC1CD0D82626024800C72422 /* VIPERiOS */,
				BC1CD0EF2626024A00C72422 /* VIPERiOSTests */,
				BC1CD0D72626024800C72422 /* Products */,
			);
			sourceTree = "<group>";
		};
		BC1CD0D72626024800C72422 /* Products */ = {
			isa = PBXGroup;
			children = (
				BC1CD0D62626024800C72422 /* VIPERiOS.app */,
				BC1CD0EC2626024A00C72422 /* VIPERiOSTests.xctest */,
			);
			name = Products;
			sourceTree = "<group>";
		};
		BC1CD0D82626024800C72422 /* VIPERiOS */ = {
			isa = PBXGroup;
			children = (
				BC1CD109262602B100C72422 /* Modules */,
				BC1CD0D92626024800C72422 /* AppDelegate.swift */,
				BC1CD0DB2626024800C72422 /* SceneDelegate.swift */,
				BC1CD0E22626024A00C72422 /* Assets.xcassets */,
				BC1CD0E42626024A00C72422 /* LaunchScreen.storyboard */,
				BC1CD0E72626024A00C72422 /* Info.plist */,
			);
			path = VIPERiOS;
			sourceTree = "<group>";
		};
		BC1CD0EF2626024A00C72422 /* VIPERiOSTests */ = {
			isa = PBXGroup;
			children = (
				BC1CD0F02626024A00C72422 /* VIPERiOSTests.swift */,
				BC1CD0F22626024A00C72422 /* Info.plist */,
			);
			path = VIPERiOSTests;
			sourceTree = "<group>";
		};
		BC1CD109262602B100C72422 /* Modules */ = {
			isa = PBXGroup;
			children = (
				BCB7F3AC262F15F600CD4BB1 /* detailProducts */,
				BC1CD10A262602BB00C72422 /* ListProducts */,
			);
			path = Modules;
			sourceTree = "<group>";
		};
		BC1CD10A262602BB00C72422 /* ListProducts */ = {
			isa = PBXGroup;
			children = (
				BC1CD1112626030F00C72422 /* External Data */,
				BC1CD110262602FF00C72422 /* Protocols */,
				BC1CD10F262602E400C72422 /* Router */,
				BC1CD10E262602DB00C72422 /* Entity */,
				BC1CD10D262602D100C72422 /* Presenter */,
				BC1CD10C262602CA00C72422 /* Interactor */,
				BC1CD10B262602C200C72422 /* View */,
			);
			path = ListProducts;
			sourceTree = "<group>";
		};
		BC1CD10B262602C200C72422 /* View */ = {
			isa = PBXGroup;
			children = (
				BC1CD0DF2626024800C72422 /* MovimentView.storyboard */,
				BC1CD0FF2626027100C72422 /* MovimentView.swift */,
				BCB7F3AA262F146B00CD4BB1 /* ProductTableViewCell.swift */,
			);
			path = View;
			sourceTree = "<group>";
		};
		BC1CD10C262602CA00C72422 /* Interactor */ = {
			isa = PBXGroup;
			children = (
				BC1CD0FE2626027100C72422 /* MovimentInteractor.swift */,
			);
			path = Interactor;
			sourceTree = "<group>";
		};
		BC1CD10D262602D100C72422 /* Presenter */ = {
			isa = PBXGroup;
			children = (
				BC1CD0FB2626027100C72422 /* MovimentPresenter.swift */,
			);
			path = Presenter;
			sourceTree = "<group>";
		};
		BC1CD10E262602DB00C72422 /* Entity */ = {
			isa = PBXGroup;
			children = (
				BC1CD112262890C400C72422 /* Product.swift */,
			);
			path = Entity;
			sourceTree = "<group>";
		};
		BC1CD10F262602E400C72422 /* Router */ = {
			isa = PBXGroup;
			children = (
				BC1CD1012626027100C72422 /* MovimentWireFrame.swift */,
			);
			path = Router;
			sourceTree = "<group>";
		};
		BC1CD110262602FF00C72422 /* Protocols */ = {
			isa = PBXGroup;
			children = (
				BC1CD0FD2626027100C72422 /* MovimentProtocols.swift */,
			);
			path = Protocols;
			sourceTree = "<group>";
		};
		BC1CD1112626030F00C72422 /* External Data */ = {
			isa = PBXGroup;
			children = (
				BC1CD0FC2626027100C72422 /* MovimentLocalDataManager.swift */,
				BC1CD1002626027100C72422 /* MovimentRemoteDataManager.swift */,
			);
			path = "External Data";
			sourceTree = "<group>";
		};
		BC93E4B72631CB7600F160AA /* External Data */ = {
			isa = PBXGroup;
			children = (
				BCB7F3AE262F162E00CD4BB1 /* detailProductLocalDataManager.swift */,
				BCB7F3B2262F162E00CD4BB1 /* detailProductRemoteDataManager.swift */,
			);
			path = "External Data";
			sourceTree = "<group>";
		};
		BCB7F3AC262F15F600CD4BB1 /* detailProducts */ = {
			isa = PBXGroup;
			children = (
				BC93E4B72631CB7600F160AA /* External Data */,
				BCB7F3C0262F167000CD4BB1 /* Protocols */,
				BCB7F3BF262F165400CD4BB1 /* Router */,
				BCB7F3BE262F164F00CD4BB1 /* Entity */,
				BCB7F3BD262F164800CD4BB1 /* Presenter */,
				BCB7F3BC262F164100CD4BB1 /* Interactor */,
				BCB7F3BB262F163A00CD4BB1 /* View */,
			);
			path = detailProducts;
			sourceTree = "<group>";
		};
		BCB7F3BB262F163A00CD4BB1 /* View */ = {
			isa = PBXGroup;
			children = (
				BCB7F3B1262F162E00CD4BB1 /* detailProductView.swift */,
				BC93E4B5262F1E3400F160AA /* detailProductView.storyboard */,
			);
			path = View;
			sourceTree = "<group>";
		};
		BCB7F3BC262F164100CD4BB1 /* Interactor */ = {
			isa = PBXGroup;
			children = (
				BCB7F3B0262F162E00CD4BB1 /* detailProductInteractor.swift */,
			);
			path = Interactor;
			sourceTree = "<group>";
		};
		BCB7F3BD262F164800CD4BB1 /* Presenter */ = {
			isa = PBXGroup;
			children = (
				BCB7F3AD262F162E00CD4BB1 /* detailProductPresenter.swift */,
			);
			path = Presenter;
			sourceTree = "<group>";
		};
		BCB7F3BE262F164F00CD4BB1 /* Entity */ = {
			isa = PBXGroup;
			children = (
			);
			path = Entity;
			sourceTree = "<group>";
		};
		BCB7F3BF262F165400CD4BB1 /* Router */ = {
			isa = PBXGroup;
			children = (
				BCB7F3B3262F162E00CD4BB1 /* detailProductWireFrame.swift */,
			);
			path = Router;
			sourceTree = "<group>";
		};
		BCB7F3C0262F167000CD4BB1 /* Protocols */ = {
			isa = PBXGroup;
			children = (
				BCB7F3AF262F162E00CD4BB1 /* detailProductProtocols.swift */,
			);
			path = Protocols;
			sourceTree = "<group>";
		};
/* End PBXGroup section */

/* Begin PBXNativeTarget section */
		BC1CD0D52626024800C72422 /* VIPERiOS */ = {
			isa = PBXNativeTarget;
			buildConfigurationList = BC1CD0F52626024A00C72422 /* Build configuration list for PBXNativeTarget "VIPERiOS" */;
			buildPhases = (
				BC1CD0D22626024800C72422 /* Sources */,
				BC1CD0D32626024800C72422 /* Frameworks */,
				BC1CD0D42626024800C72422 /* Resources */,
			);
			buildRules = (
			);
			dependencies = (
			);
			name = VIPERiOS;
			productName = VIPERiOS;
			productReference = BC1CD0D62626024800C72422 /* VIPERiOS.app */;
			productType = "com.apple.product-type.application";
		};
		BC1CD0EB2626024A00C72422 /* VIPERiOSTests */ = {
			isa = PBXNativeTarget;
			buildConfigurationList = BC1CD0F82626024A00C72422 /* Build configuration list for PBXNativeTarget "VIPERiOSTests" */;
			buildPhases = (
				BC1CD0E82626024A00C72422 /* Sources */,
				BC1CD0E92626024A00C72422 /* Frameworks */,
				BC1CD0EA2626024A00C72422 /* Resources */,
			);
			buildRules = (
			);
			dependencies = (
				BC1CD0EE2626024A00C72422 /* PBXTargetDependency */,
			);
			name = VIPERiOSTests;
			productName = VIPERiOSTests;
			productReference = BC1CD0EC2626024A00C72422 /* VIPERiOSTests.xctest */;
			productType = "com.apple.product-type.bundle.unit-test";
		};
/* End PBXNativeTarget section */

/* Begin PBXProject section */
		BC1CD0CE2626024800C72422 /* Project object */ = {
			isa = PBXProject;
			attributes = {
				LastSwiftUpdateCheck = 1170;
				LastUpgradeCheck = 1170;
				ORGANIZATIONNAME = Matias;
				TargetAttributes = {
					BC1CD0D52626024800C72422 = {
						CreatedOnToolsVersion = 11.7;
					};
					BC1CD0EB2626024A00C72422 = {
						CreatedOnToolsVersion = 11.7;
						TestTargetID = BC1CD0D52626024800C72422;
					};
				};
			};
			buildConfigurationList = BC1CD0D12626024800C72422 /* Build configuration list for PBXProject "VIPERiOS" */;
			compatibilityVersion = "Xcode 9.3";
			developmentRegion = en;
			hasScannedForEncodings = 0;
			knownRegions = (
				en,
				Base,
			);
			mainGroup = BC1CD0CD2626024800C72422;
			productRefGroup = BC1CD0D72626024800C72422 /* Products */;
			projectDirPath = "";
			projectRoot = "";
			targets = (
				BC1CD0D52626024800C72422 /* VIPERiOS */,
				BC1CD0EB2626024A00C72422 /* VIPERiOSTests */,
			);
		};
/* End PBXProject section */

/* Begin PBXResourcesBuildPhase section */
		BC1CD0D42626024800C72422 /* Resources */ = {
			isa = PBXResourcesBuildPhase;
			buildActionMask = 2147483647;
			files = (
				BC1CD0E62626024A00C72422 /* LaunchScreen.storyboard in Resources */,
				BC1CD0E32626024A00C72422 /* Assets.xcassets in Resources */,
				BC93E4B6262F1E3400F160AA /* detailProductView.storyboard in Resources */,
				BC1CD0E12626024800C72422 /* MovimentView.storyboard in Resources */,
			);
			runOnlyForDeploymentPostprocessing = 0;
		};
		BC1CD0EA2626024A00C72422 /* Resources */ = {
			isa = PBXResourcesBuildPhase;
			buildActionMask = 2147483647;
			files = (
			);
			runOnlyForDeploymentPostprocessing = 0;
		};
/* End PBXResourcesBuildPhase section */

/* Begin PBXSourcesBuildPhase section */
		BC1CD0D22626024800C72422 /* Sources */ = {
			isa = PBXSourcesBuildPhase;
			buildActionMask = 2147483647;
			files = (
				BCB7F3B9262F162E00CD4BB1 /* detailProductRemoteDataManager.swift in Sources */,
				BCB7F3B7262F162E00CD4BB1 /* detailProductInteractor.swift in Sources */,
				BCB7F3B8262F162E00CD4BB1 /* detailProductView.swift in Sources */,
				BC1CD1022626027100C72422 /* MovimentPresenter.swift in Sources */,
				BC1CD1042626027100C72422 /* MovimentProtocols.swift in Sources */,
				BC1CD1082626027100C72422 /* MovimentWireFrame.swift in Sources */,
				BC1CD0DA2626024800C72422 /* AppDelegate.swift in Sources */,
				BC1CD0DC2626024800C72422 /* SceneDelegate.swift in Sources */,
				BC1CD1072626027100C72422 /* MovimentRemoteDataManager.swift in Sources */,
				BCB7F3B5262F162E00CD4BB1 /* detailProductLocalDataManager.swift in Sources */,
				BC1CD1032626027100C72422 /* MovimentLocalDataManager.swift in Sources */,
				BCB7F3BA262F162E00CD4BB1 /* detailProductWireFrame.swift in Sources */,
				BCB7F3AB262F146B00CD4BB1 /* ProductTableViewCell.swift in Sources */,
				BC1CD113262890C400C72422 /* Product.swift in Sources */,
				BCB7F3B6262F162E00CD4BB1 /* detailProductProtocols.swift in Sources */,
				BC1CD1052626027100C72422 /* MovimentInteractor.swift in Sources */,
				BC1CD1062626027100C72422 /* MovimentView.swift in Sources */,
				BCB7F3B4262F162E00CD4BB1 /* detailProductPresenter.swift in Sources */,
			);
			runOnlyForDeploymentPostprocessing = 0;
		};
		BC1CD0E82626024A00C72422 /* Sources */ = {
			isa = PBXSourcesBuildPhase;
			buildActionMask = 2147483647;
			files = (
				BC1CD0F12626024A00C72422 /* VIPERiOSTests.swift in Sources */,
			);
			runOnlyForDeploymentPostprocessing = 0;
		};
/* End PBXSourcesBuildPhase section */

/* Begin PBXTargetDependency section */
		BC1CD0EE2626024A00C72422 /* PBXTargetDependency */ = {
			isa = PBXTargetDependency;
			target = BC1CD0D52626024800C72422 /* VIPERiOS */;
			targetProxy = BC1CD0ED2626024A00C72422 /* PBXContainerItemProxy */;
		};
/* End PBXTargetDependency section */

/* Begin PBXVariantGroup section */
		BC1CD0DF2626024800C72422 /* MovimentView.storyboard */ = {
			isa = PBXVariantGroup;
			children = (
				BC1CD0E02626024800C72422 /* Base */,
			);
			name = MovimentView.storyboard;
			sourceTree = "<group>";
		};
		BC1CD0E42626024A00C72422 /* LaunchScreen.storyboard */ = {
			isa = PBXVariantGroup;
			children = (
				BC1CD0E52626024A00C72422 /* Base */,
			);
			name = LaunchScreen.storyboard;
			sourceTree = "<group>";
		};
/* End PBXVariantGroup section */

/* Begin XCBuildConfiguration section */
		BC1CD0F32626024A00C72422 /* Debug */ = {
			isa = XCBuildConfiguration;
			buildSettings = {
				ALWAYS_SEARCH_USER_PATHS = NO;
				CLANG_ANALYZER_NONNULL = YES;
				CLANG_ANALYZER_NUMBER_OBJECT_CONVERSION = YES_AGGRESSIVE;
				CLANG_CXX_LANGUAGE_STANDARD = "gnu++14";
				CLANG_CXX_LIBRARY = "libc++";
				CLANG_ENABLE_MODULES = YES;
				CLANG_ENABLE_OBJC_ARC = YES;
				CLANG_ENABLE_OBJC_WEAK = YES;
				CLANG_WARN_BLOCK_CAPTURE_AUTORELEASING = YES;
				CLANG_WARN_BOOL_CONVERSION = YES;
				CLANG_WARN_COMMA = YES;
				CLANG_WARN_CONSTANT_CONVERSION = YES;
				CLANG_WARN_DEPRECATED_OBJC_IMPLEMENTATIONS = YES;
				CLANG_WARN_DIRECT_OBJC_ISA_USAGE = YES_ERROR;
				CLANG_WARN_DOCUMENTATION_COMMENTS = YES;
				CLANG_WARN_EMPTY_BODY = YES;
				CLANG_WARN_ENUM_CONVERSION = YES;
				CLANG_WARN_INFINITE_RECURSION = YES;
				CLANG_WARN_INT_CONVERSION = YES;
				CLANG_WARN_NON_LITERAL_NULL_CONVERSION = YES;
				CLANG_WARN_OBJC_IMPLICIT_RETAIN_SELF = YES;
				CLANG_WARN_OBJC_LITERAL_CONVERSION = YES;
				CLANG_WARN_OBJC_ROOT_CLASS = YES_ERROR;
				CLANG_WARN_RANGE_LOOP_ANALYSIS = YES;
				CLANG_WARN_STRICT_PROTOTYPES = YES;
				CLANG_WARN_SUSPICIOUS_MOVE = YES;
				CLANG_WARN_UNGUARDED_AVAILABILITY = YES_AGGRESSIVE;
				CLANG_WARN_UNREACHABLE_CODE = YES;
				CLANG_WARN__DUPLICATE_METHOD_MATCH = YES;
				COPY_PHASE_STRIP = NO;
				DEBUG_INFORMATION_FORMAT = dwarf;
				ENABLE_STRICT_OBJC_MSGSEND = YES;
				ENABLE_TESTABILITY = YES;
				GCC_C_LANGUAGE_STANDARD = gnu11;
				GCC_DYNAMIC_NO_PIC = NO;
				GCC_NO_COMMON_BLOCKS = YES;
				GCC_OPTIMIZATION_LEVEL = 0;
				GCC_PREPROCESSOR_DEFINITIONS = (
					"DEBUG=1",
					"$(inherited)",
				);
				GCC_WARN_64_TO_32_BIT_CONVERSION = YES;
				GCC_WARN_ABOUT_RETURN_TYPE = YES_ERROR;
				GCC_WARN_UNDECLARED_SELECTOR = YES;
				GCC_WARN_UNINITIALIZED_AUTOS = YES_AGGRESSIVE;
				GCC_WARN_UNUSED_FUNCTION = YES;
				GCC_WARN_UNUSED_VARIABLE = YES;
				IPHONEOS_DEPLOYMENT_TARGET = 13.7;
				MTL_ENABLE_DEBUG_INFO = INCLUDE_SOURCE;
				MTL_FAST_MATH = YES;
				ONLY_ACTIVE_ARCH = YES;
				SDKROOT = iphoneos;
				SWIFT_ACTIVE_COMPILATION_CONDITIONS = DEBUG;
				SWIFT_OPTIMIZATION_LEVEL = "-Onone";
			};
			name = Debug;
		};
		BC1CD0F42626024A00C72422 /* Release */ = {
			isa = XCBuildConfiguration;
			buildSettings = {
				ALWAYS_SEARCH_USER_PATHS = NO;
				CLANG_ANALYZER_NONNULL = YES;
				CLANG_ANALYZER_NUMBER_OBJECT_CONVERSION = YES_AGGRESSIVE;
				CLANG_CXX_LANGUAGE_STANDARD = "gnu++14";
				CLANG_CXX_LIBRARY = "libc++";
				CLANG_ENABLE_MODULES = YES;
				CLANG_ENABLE_OBJC_ARC = YES;
				CLANG_ENABLE_OBJC_WEAK = YES;
				CLANG_WARN_BLOCK_CAPTURE_AUTORELEASING = YES;
				CLANG_WARN_BOOL_CONVERSION = YES;
				CLANG_WARN_COMMA = YES;
				CLANG_WARN_CONSTANT_CONVERSION = YES;
				CLANG_WARN_DEPRECATED_OBJC_IMPLEMENTATIONS = YES;
				CLANG_WARN_DIRECT_OBJC_ISA_USAGE = YES_ERROR;
				CLANG_WARN_DOCUMENTATION_COMMENTS = YES;
				CLANG_WARN_EMPTY_BODY = YES;
				CLANG_WARN_ENUM_CONVERSION = YES;
				CLANG_WARN_INFINITE_RECURSION = YES;
				CLANG_WARN_INT_CONVERSION = YES;
				CLANG_WARN_NON_LITERAL_NULL_CONVERSION = YES;
				CLANG_WARN_OBJC_IMPLICIT_RETAIN_SELF = YES;
				CLANG_WARN_OBJC_LITERAL_CONVERSION = YES;
				CLANG_WARN_OBJC_ROOT_CLASS = YES_ERROR;
				CLANG_WARN_RANGE_LOOP_ANALYSIS = YES;
				CLANG_WARN_STRICT_PROTOTYPES = YES;
				CLANG_WARN_SUSPICIOUS_MOVE = YES;
				CLANG_WARN_UNGUARDED_AVAILABILITY = YES_AGGRESSIVE;
				CLANG_WARN_UNREACHABLE_CODE = YES;
				CLANG_WARN__DUPLICATE_METHOD_MATCH = YES;
				COPY_PHASE_STRIP = NO;
				DEBUG_INFORMATION_FORMAT = "dwarf-with-dsym";
				ENABLE_NS_ASSERTIONS = NO;
				ENABLE_STRICT_OBJC_MSGSEND = YES;
				GCC_C_LANGUAGE_STANDARD = gnu11;
				GCC_NO_COMMON_BLOCKS = YES;
				GCC_WARN_64_TO_32_BIT_CONVERSION = YES;
				GCC_WARN_ABOUT_RETURN_TYPE = YES_ERROR;
				GCC_WARN_UNDECLARED_SELECTOR = YES;
				GCC_WARN_UNINITIALIZED_AUTOS = YES_AGGRESSIVE;
				GCC_WARN_UNUSED_FUNCTION = YES;
				GCC_WARN_UNUSED_VARIABLE = YES;
				IPHONEOS_DEPLOYMENT_TARGET = 13.7;
				MTL_ENABLE_DEBUG_INFO = NO;
				MTL_FAST_MATH = YES;
				SDKROOT = iphoneos;
				SWIFT_COMPILATION_MODE = wholemodule;
				SWIFT_OPTIMIZATION_LEVEL = "-O";
				VALIDATE_PRODUCT = YES;
			};
			name = Release;
		};
		BC1CD0F62626024A00C72422 /* Debug */ = {
			isa = XCBuildConfiguration;
			buildSettings = {
				ASSETCATALOG_COMPILER_APPICON_NAME = AppIcon;
				CODE_SIGN_IDENTITY = "Apple Development";
				CODE_SIGN_STYLE = Automatic;
				DEVELOPMENT_TEAM = VAMB9M9LVV;
				INFOPLIST_FILE = VIPERiOS/Info.plist;
				LD_RUNPATH_SEARCH_PATHS = (
					"$(inherited)",
					"@executable_path/Frameworks",
				);
				PRODUCT_BUNDLE_IDENTIFIER = Matias.VIPERiOS;
				PRODUCT_NAME = "$(TARGET_NAME)";
				PROVISIONING_PROFILE_SPECIFIER = "";
				SWIFT_VERSION = 5.0;
				TARGETED_DEVICE_FAMILY = "1,2";
			};
			name = Debug;
		};
		BC1CD0F72626024A00C72422 /* Release */ = {
			isa = XCBuildConfiguration;
			buildSettings = {
				ASSETCATALOG_COMPILER_APPICON_NAME = AppIcon;
				CODE_SIGN_IDENTITY = "Apple Development";
				CODE_SIGN_STYLE = Automatic;
				DEVELOPMENT_TEAM = VAMB9M9LVV;
				INFOPLIST_FILE = VIPERiOS/Info.plist;
				LD_RUNPATH_SEARCH_PATHS = (
					"$(inherited)",
					"@executable_path/Frameworks",
				);
				PRODUCT_BUNDLE_IDENTIFIER = Matias.VIPERiOS;
				PRODUCT_NAME = "$(TARGET_NAME)";
				PROVISIONING_PROFILE_SPECIFIER = "";
				SWIFT_VERSION = 5.0;
				TARGETED_DEVICE_FAMILY = "1,2";
			};
			name = Release;
		};
		BC1CD0F92626024A00C72422 /* Debug */ = {
			isa = XCBuildConfiguration;
			buildSettings = {
				ALWAYS_EMBED_SWIFT_STANDARD_LIBRARIES = YES;
				BUNDLE_LOADER = "$(TEST_HOST)";
				CODE_SIGN_STYLE = Automatic;
				DEVELOPMENT_TEAM = 2J5JQ97N3K;
				INFOPLIST_FILE = VIPERiOSTests/Info.plist;
				IPHONEOS_DEPLOYMENT_TARGET = 13.7;
				LD_RUNPATH_SEARCH_PATHS = (
					"$(inherited)",
					"@executable_path/Frameworks",
					"@loader_path/Frameworks",
				);
				PRODUCT_BUNDLE_IDENTIFIER = Matias.VIPERiOSTests;
				PRODUCT_NAME = "$(TARGET_NAME)";
				SWIFT_VERSION = 5.0;
				TARGETED_DEVICE_FAMILY = "1,2";
				TEST_HOST = "$(BUILT_PRODUCTS_DIR)/VIPERiOS.app/VIPERiOS";
			};
			name = Debug;
		};
		BC1CD0FA2626024A00C72422 /* Release */ = {
			isa = XCBuildConfiguration;
			buildSettings = {
				ALWAYS_EMBED_SWIFT_STANDARD_LIBRARIES = YES;
				BUNDLE_LOADER = "$(TEST_HOST)";
				CODE_SIGN_STYLE = Automatic;
				DEVELOPMENT_TEAM = 2J5JQ97N3K;
				INFOPLIST_FILE = VIPERiOSTests/Info.plist;
				IPHONEOS_DEPLOYMENT_TARGET = 13.7;
				LD_RUNPATH_SEARCH_PATHS = (
					"$(inherited)",
					"@executable_path/Frameworks",
					"@loader_path/Frameworks",
				);
				PRODUCT_BUNDLE_IDENTIFIER = Matias.VIPERiOSTests;
				PRODUCT_NAME = "$(TARGET_NAME)";
				SWIFT_VERSION = 5.0;
				TARGETED_DEVICE_FAMILY = "1,2";
				TEST_HOST = "$(BUILT_PRODUCTS_DIR)/VIPERiOS.app/VIPERiOS";
			};
			name = Release;
		};
/* End XCBuildConfiguration section */

/* Begin XCConfigurationList section */
		BC1CD0D12626024800C72422 /* Build configuration list for PBXProject "VIPERiOS" */ = {
			isa = XCConfigurationList;
			buildConfigurations = (
				BC1CD0F32626024A00C72422 /* Debug */,
				BC1CD0F42626024A00C72422 /* Release */,
			);
			defaultConfigurationIsVisible = 0;
			defaultConfigurationName = Release;
		};
		BC1CD0F52626024A00C72422 /* Build configuration list for PBXNativeTarget "VIPERiOS" */ = {
			isa = XCConfigurationList;
			buildConfigurations = (
				BC1CD0F62626024A00C72422 /* Debug */,
				BC1CD0F72626024A00C72422 /* Release */,
			);
			defaultConfigurationIsVisible = 0;
			defaultConfigurationName = Release;
		};
		BC1CD0F82626024A00C72422 /* Build configuration list for PBXNativeTarget "VIPERiOSTests" */ = {
			isa = XCConfigurationList;
			buildConfigurations = (
				BC1CD0F92626024A00C72422 /* Debug */,
				BC1CD0FA2626024A00C72422 /* Release */,
			);
			defaultConfigurationIsVisible = 0;
			defaultConfigurationName = Release;
		};
/* End XCConfigurationList section */
	};
	rootObject = BC1CD0CE2626024800C72422 /* Project object */;
}
