// !$*UTF8*$!
{
	archiveVersion = 1;
	classes = {
	};
	objectVersion = 50;
	objects = {

/* Begin PBXBuildFile section */
		BC1CD0DA2626024800C72422 /* AppDelegate.swift in Sources */ = {isa = PBXBuildFile; fileRef = BC1CD0D92626024800C72422 /* AppDelegate.swift */; };
		BC1CD0DC2626024800C72422 /* SceneDelegate.swift in Sources */ = {isa = PBXBuildFile; fileRef = BC1CD0DB2626024800C72422 /* SceneDelegate.swift */; };
		BC1CD0DE2626024800C72422 /* ViewController.swift in Sources */ = {isa = PBXBuildFile; fileRef = BC1CD0DD2626024800C72422 /* ViewController.swift */; };
		BC1CD0E12626024800C72422 /* Main.storyboard in Resources */ = {isa = PBXBuildFile; fileRef = BC1CD0DF2626024800C72422 /* Main.storyboard */; };
		BC1CD0E32626024A00C72422 /* Assets.xcassets in Resources */ = {isa = PBXBuildFile; fileRef = BC1CD0E22626024A00C72422 /* Assets.xcassets */; };
		BC1CD0E62626024A00C72422 /* LaunchScreen.storyboard in Resources */ = {isa = PBXBuildFile; fileRef = BC1CD0E42626024A00C72422 /* LaunchScreen.storyboard */; };
		BC1CD0F12626024A00C72422 /* VIPERiOSTests.swift in Sources */ = {isa = PBXBuildFile; fileRef = BC1CD0F02626024A00C72422 /* VIPERiOSTests.swift */; };
/* End PBXBuildFile section */

/* Begin PBXContainerItemProxy section */
		BC1CD0ED2626024A00C72422 /* PBXContainerItemProxy */ = {
			isa = PBXContainerItemProxy;
			containerPortal = BC1CD0CE2626024800C72422 /* Project object */;
			proxyType = 1;
			remoteGlobalIDString = BC1CD0D52626024800C72422;
			remoteInfo = VIPERiOS;
		};
/* End PBXContainerItemProxy section */

/* Begin PBXFileReference section */
		BC1CD0D62626024800C72422 /* VIPERiOS.app */ = {isa = PBXFileReference; explicitFileType = wrapper.application; includeInIndex = 0; path = VIPERiOS.app; sourceTree = BUILT_PRODUCTS_DIR; };
		BC1CD0D92626024800C72422 /* AppDelegate.swift */ = {isa = PBXFileReference; lastKnownFileType = sourcecode.swift; path = AppDelegate.swift; sourceTree = "<group>"; };
		BC1CD0DB2626024800C72422 /* SceneDelegate.swift */ = {isa = PBXFileReference; lastKnownFileType = sourcecode.swift; path = SceneDelegate.swift; sourceTree = "<group>"; };
		BC1CD0DD2626024800C72422 /* ViewController.swift */ = {isa = PBXFileReference; lastKnownFileType = sourcecode.swift; path = ViewController.swift; sourceTree = "<group>"; };
		BC1CD0E02626024800C72422 /* Base */ = {isa = PBXFileReference; lastKnownFileType = file.storyboard; name = Base; path = Base.lproj/Main.storyboard; sourceTree = "<group>"; };
		BC1CD0E22626024A00C72422 /* Assets.xcassets */ = {isa = PBXFileReference; lastKnownFileType = folder.assetcatalog; path = Assets.xcassets; sourceTree = "<group>"; };
		BC1CD0E52626024A00C72422 /* Base */ = {isa = PBXFileReference; lastKnownFileType = file.storyboard; name = Base; path = Base.lproj/LaunchScreen.storyboard; sourceTree = "<group>"; };
		BC1CD0E72626024A00C72422 /* Info.plist */ = {isa = PBXFileReference; lastKnownFileType = text.plist.xml; path = Info.plist; sourceTree = "<group>"; };
		BC1CD0EC2626024A00C72422 /* VIPERiOSTests.xctest */ = {isa = PBXFileReference; explicitFileType = wrapper.cfbundle; includeInIndex = 0; path = VIPERiOSTests.xctest; sourceTree = BUILT_PRODUCTS_DIR; };
		BC1CD0F02626024A00C72422 /* VIPERiOSTests.swift */ = {isa = PBXFileReference; lastKnownFileType = sourcecode.swift; path = VIPERiOSTests.swift; sourceTree = "<group>"; };
		BC1CD0F22626024A00C72422 /* Info.plist */ = {isa = PBXFileReference; lastKnownFileType = text.plist.xml; path = Info.plist; sourceTree = "<group>"; };
/* End PBXFileReference section */

/* Begin PBXFrameworksBuildPhase section */
		BC1CD0D32626024800C72422 /* Frameworks */ = {
			isa = PBXFrameworksBuildPhase;
			buildActionMask = 2147483647;
			files = (
			);
			runOnlyForDeploymentPostprocessing = 0;
		};
		BC1CD0E92626024A00C72422 /* Frameworks */ = {
			isa = PBXFrameworksBuildPhase;
			buildActionMask = 2147483647;
			files = (
			);
			runOnlyForDeploymentPostprocessing = 0;
		};
/* End PBXFrameworksBuildPhase section */

/* Begin PBXGroup section */
		BC1CD0CD2626024800C72422 = {
			isa = PBXGroup;
			children = (
				BC1CD0D82626024800C72422 /* VIPERiOS */,
				BC1CD0EF2626024A00C72422 /* VIPERiOSTests */,
				BC1CD0D72626024800C72422 /* Products */,
			);
			sourceTree = "<group>";
		};
		BC1CD0D72626024800C72422 /* Products */ = {
			isa = PBXGroup;
			children = (
				BC1CD0D62626024800C72422 /* VIPERiOS.app */,
				BC1CD0EC2626024A00C72422 /* VIPERiOSTests.xctest */,
			);
			name = Products;
			sourceTree = "<group>";
		};
		BC1CD0D82626024800C72422 /* VIPERiOS */ = {
			isa = PBXGroup;
			children = (
				BC1CD0D92626024800C72422 /* AppDelegate.swift */,
				BC1CD0DB2626024800C72422 /* SceneDelegate.swift */,
				BC1CD0DD2626024800C72422 /* ViewController.swift */,
				BC1CD0DF2626024800C72422 /* Main.storyboard */,
				BC1CD0E22626024A00C72422 /* Assets.xcassets */,
				BC1CD0E42626024A00C72422 /* LaunchScreen.storyboard */,
				BC1CD0E72626024A00C72422 /* Info.plist */,
			);
			path = VIPERiOS;
			sourceTree = "<group>";
		};
		BC1CD0EF2626024A00C72422 /* VIPERiOSTests */ = {
			isa = PBXGroup;
			children = (
				BC1CD0F02626024A00C72422 /* VIPERiOSTests.swift */,
				BC1CD0F22626024A00C72422 /* Info.plist */,
			);
			path = VIPERiOSTests;
			sourceTree = "<group>";
		};
/* End PBXGroup section */

/* Begin PBXNativeTarget section */
		BC1CD0D52626024800C72422 /* VIPERiOS */ = {
			isa = PBXNativeTarget;
			buildConfigurationList = BC1CD0F52626024A00C72422 /* Build configuration list for PBXNativeTarget "VIPERiOS" */;
			buildPhases = (
				BC1CD0D22626024800C72422 /* Sources */,
				BC1CD0D32626024800C72422 /* Frameworks */,
				BC1CD0D42626024800C72422 /* Resources */,
			);
			buildRules = (
			);
			dependencies = (
			);
			name = VIPERiOS;
			productName = VIPERiOS;
			productReference = BC1CD0D62626024800C72422 /* VIPERiOS.app */;
			productType = "com.apple.product-type.application";
		};
		BC1CD0EB2626024A00C72422 /* VIPERiOSTests */ = {
			isa = PBXNativeTarget;
			buildConfigurationList = BC1CD0F82626024A00C72422 /* Build configuration list for PBXNativeTarget "VIPERiOSTests" */;
			buildPhases = (
				BC1CD0E82626024A00C72422 /* Sources */,
				BC1CD0E92626024A00C72422 /* Frameworks */,
				BC1CD0EA2626024A00C72422 /* Resources */,
			);
			buildRules = (
			);
			dependencies = (
				BC1CD0EE2626024A00C72422 /* PBXTargetDependency */,
			);
			name = VIPERiOSTests;
			productName = VIPERiOSTests;
			productReference = BC1CD0EC2626024A00C72422 /* VIPERiOSTests.xctest */;
			productType = "com.apple.product-type.bundle.unit-test";
		};
/* End PBXNativeTarget section */

/* Begin PBXProject section */
		BC1CD0CE2626024800C72422 /* Project object */ = {
			isa = PBXProject;
			attributes = {
				LastSwiftUpdateCheck = 1170;
				LastUpgradeCheck = 1170;
				ORGANIZATIONNAME = Matias;
				TargetAttributes = {
					BC1CD0D52626024800C72422 = {
						CreatedOnToolsVersion = 11.7;
					};
					BC1CD0EB2626024A00C72422 = {
						CreatedOnToolsVersion = 11.7;
						TestTargetID = BC1CD0D52626024800C72422;
					};
				};
			};
			buildConfigurationList = BC1CD0D12626024800C72422 /* Build configuration list for PBXProject "VIPERiOS" */;
			compatibilityVersion = "Xcode 9.3";
			developmentRegion = en;
			hasScannedForEncodings = 0;
			knownRegions = (
				en,
				Base,
			);
			mainGroup = BC1CD0CD2626024800C72422;
			productRefGroup = BC1CD0D72626024800C72422 /* Products */;
			projectDirPath = "";
			projectRoot = "";
			targets = (
				BC1CD0D52626024800C72422 /* VIPERiOS */,
				BC1CD0EB2626024A00C72422 /* VIPERiOSTests */,
			);
		};
/* End PBXProject section */

/* Begin PBXResourcesBuildPhase section */
		BC1CD0D42626024800C72422 /* Resources */ = {
			isa = PBXResourcesBuildPhase;
			buildActionMask = 2147483647;
			files = (
				BC1CD0E62626024A00C72422 /* LaunchScreen.storyboard in Resources */,
				BC1CD0E32626024A00C72422 /* Assets.xcassets in Resources */,
				BC1CD0E12626024800C72422 /* Main.storyboard in Resources */,
			);
			runOnlyForDeploymentPostprocessing = 0;
		};
		BC1CD0EA2626024A00C72422 /* Resources */ = {
			isa = PBXResourcesBuildPhase;
			buildActionMask = 2147483647;
			files = (
			);
			runOnlyForDeploymentPostprocessing = 0;
		};
/* End PBXResourcesBuildPhase section */

/* Begin PBXSourcesBuildPhase section */
		BC1CD0D22626024800C72422 /* Sources */ = {
			isa = PBXSourcesBuildPhase;
			buildActionMask = 2147483647;
			files = (
				BC1CD0DE2626024800C72422 /* ViewController.swift in Sources */,
				BC1CD0DA2626024800C72422 /* AppDelegate.swift in Sources */,
				BC1CD0DC2626024800C72422 /* SceneDelegate.swift in Sources */,
			);
			runOnlyForDeploymentPostprocessing = 0;
		};
		BC1CD0E82626024A00C72422 /* Sources */ = {
			isa = PBXSourcesBuildPhase;
			buildActionMask = 2147483647;
			files = (
				BC1CD0F12626024A00C72422 /* VIPERiOSTests.swift in Sources */,
			);
			runOnlyForDeploymentPostprocessing = 0;
		};
/* End PBXSourcesBuildPhase section */

/* Begin PBXTargetDependency section */
		BC1CD0EE2626024A00C72422 /* PBXTargetDependency */ = {
			isa = PBXTargetDependency;
			target = BC1CD0D52626024800C72422 /* VIPERiOS */;
			targetProxy = BC1CD0ED2626024A00C72422 /* PBXContainerItemProxy */;
		};
/* End PBXTargetDependency section */

/* Begin PBXVariantGroup section */
		BC1CD0DF2626024800C72422 /* Main.storyboard */ = {
			isa = PBXVariantGroup;
			children = (
				BC1CD0E02626024800C72422 /* Base */,
			);
			name = Main.storyboard;
			sourceTree = "<group>";
		};
		BC1CD0E42626024A00C72422 /* LaunchScreen.storyboard */ = {
			isa = PBXVariantGroup;
			children = (
				BC1CD0E52626024A00C72422 /* Base */,
			);
			name = LaunchScreen.storyboard;
			sourceTree = "<group>";
		};
/* End PBXVariantGroup section */

/* Begin XCBuildConfiguration section */
		BC1CD0F32626024A00C72422 /* Debug */ = {
			isa = XCBuildConfiguration;
			buildSettings = {
				ALWAYS_SEARCH_USER_PATHS = NO;
				CLANG_ANALYZER_NONNULL = YES;
				CLANG_ANALYZER_NUMBER_OBJECT_CONVERSION = YES_AGGRESSIVE;
				CLANG_CXX_LANGUAGE_STANDARD = "gnu++14";
				CLANG_CXX_LIBRARY = "libc++";
				CLANG_ENABLE_MODULES = YES;
				CLANG_ENABLE_OBJC_ARC = YES;
				CLANG_ENABLE_OBJC_WEAK = YES;
				CLANG_WARN_BLOCK_CAPTURE_AUTORELEASING = YES;
				CLANG_WARN_BOOL_CONVERSION = YES;
				CLANG_WARN_COMMA = YES;
				CLANG_WARN_CONSTANT_CONVERSION = YES;
				CLANG_WARN_DEPRECATED_OBJC_IMPLEMENTATIONS = YES;
				CLANG_WARN_DIRECT_OBJC_ISA_USAGE = YES_ERROR;
				CLANG_WARN_DOCUMENTATION_COMMENTS = YES;
				CLANG_WARN_EMPTY_BODY = YES;
				CLANG_WARN_ENUM_CONVERSION = YES;
				CLANG_WARN_INFINITE_RECURSION = YES;
				CLANG_WARN_INT_CONVERSION = YES;
				CLANG_WARN_NON_LITERAL_NULL_CONVERSION = YES;
				CLANG_WARN_OBJC_IMPLICIT_RETAIN_SELF = YES;
				CLANG_WARN_OBJC_LITERAL_CONVERSION = YES;
				CLANG_WARN_OBJC_ROOT_CLASS = YES_ERROR;
				CLANG_WARN_RANGE_LOOP_ANALYSIS = YES;
				CLANG_WARN_STRICT_PROTOTYPES = YES;
				CLANG_WARN_SUSPICIOUS_MOVE = YES;
				CLANG_WARN_UNGUARDED_AVAILABILITY = YES_AGGRESSIVE;
				CLANG_WARN_UNREACHABLE_CODE = YES;
				CLANG_WARN__DUPLICATE_METHOD_MATCH = YES;
				COPY_PHASE_STRIP = NO;
				DEBUG_INFORMATION_FORMAT = dwarf;
				ENABLE_STRICT_OBJC_MSGSEND = YES;
				ENABLE_TESTABILITY = YES;
				GCC_C_LANGUAGE_STANDARD = gnu11;
				GCC_DYNAMIC_NO_PIC = NO;
				GCC_NO_COMMON_BLOCKS = YES;
				GCC_OPTIMIZATION_LEVEL = 0;
				GCC_PREPROCESSOR_DEFINITIONS = (
					"DEBUG=1",
					"$(inherited)",
				);
				GCC_WARN_64_TO_32_BIT_CONVERSION = YES;
				GCC_WARN_ABOUT_RETURN_TYPE = YES_ERROR;
				GCC_WARN_UNDECLARED_SELECTOR = YES;
				GCC_WARN_UNINITIALIZED_AUTOS = YES_AGGRESSIVE;
				GCC_WARN_UNUSED_FUNCTION = YES;
				GCC_WARN_UNUSED_VARIABLE = YES;
				IPHONEOS_DEPLOYMENT_TARGET = 13.7;
				MTL_ENABLE_DEBUG_INFO = INCLUDE_SOURCE;
				MTL_FAST_MATH = YES;
				ONLY_ACTIVE_ARCH = YES;
				SDKROOT = iphoneos;
				SWIFT_ACTIVE_COMPILATION_CONDITIONS = DEBUG;
				SWIFT_OPTIMIZATION_LEVEL = "-Onone";
			};
			name = Debug;
		};
		BC1CD0F42626024A00C72422 /* Release */ = {
			isa = XCBuildConfiguration;
			buildSettings = {
				ALWAYS_SEARCH_USER_PATHS = NO;
				CLANG_ANALYZER_NONNULL = YES;
				CLANG_ANALYZER_NUMBER_OBJECT_CONVERSION = YES_AGGRESSIVE;
				CLANG_CXX_LANGUAGE_STANDARD = "gnu++14";
				CLANG_CXX_LIBRARY = "libc++";
				CLANG_ENABLE_MODULES = YES;
				CLANG_ENABLE_OBJC_ARC = YES;
				CLANG_ENABLE_OBJC_WEAK = YES;
				CLANG_WARN_BLOCK_CAPTURE_AUTORELEASING = YES;
				CLANG_WARN_BOOL_CONVERSION = YES;
				CLANG_WARN_COMMA = YES;
				CLANG_WARN_CONSTANT_CONVERSION = YES;
				CLANG_WARN_DEPRECATED_OBJC_IMPLEMENTATIONS = YES;
				CLANG_WARN_DIRECT_OBJC_ISA_USAGE = YES_ERROR;
				CLANG_WARN_DOCUMENTATION_COMMENTS = YES;
				CLANG_WARN_EMPTY_BODY = YES;
				CLANG_WARN_ENUM_CONVERSION = YES;
				CLANG_WARN_INFINITE_RECURSION = YES;
				CLANG_WARN_INT_CONVERSION = YES;
				CLANG_WARN_NON_LITERAL_NULL_CONVERSION = YES;
				CLANG_WARN_OBJC_IMPLICIT_RETAIN_SELF = YES;
				CLANG_WARN_OBJC_LITERAL_CONVERSION = YES;
				CLANG_WARN_OBJC_ROOT_CLASS = YES_ERROR;
				CLANG_WARN_RANGE_LOOP_ANALYSIS = YES;
				CLANG_WARN_STRICT_PROTOTYPES = YES;
				CLANG_WARN_SUSPICIOUS_MOVE = YES;
				CLANG_WARN_UNGUARDED_AVAILABILITY = YES_AGGRESSIVE;
				CLANG_WARN_UNREACHABLE_CODE = YES;
				CLANG_WARN__DUPLICATE_METHOD_MATCH = YES;
				COPY_PHASE_STRIP = NO;
				DEBUG_INFORMATION_FORMAT = "dwarf-with-dsym";
				ENABLE_NS_ASSERTIONS = NO;
				ENABLE_STRICT_OBJC_MSGSEND = YES;
				GCC_C_LANGUAGE_STANDARD = gnu11;
				GCC_NO_COMMON_BLOCKS = YES;
				GCC_WARN_64_TO_32_BIT_CONVERSION = YES;
				GCC_WARN_ABOUT_RETURN_TYPE = YES_ERROR;
				GCC_WARN_UNDECLARED_SELECTOR = YES;
				GCC_WARN_UNINITIALIZED_AUTOS = YES_AGGRESSIVE;
				GCC_WARN_UNUSED_FUNCTION = YES;
				GCC_WARN_UNUSED_VARIABLE = YES;
				IPHONEOS_DEPLOYMENT_TARGET = 13.7;
				MTL_ENABLE_DEBUG_INFO = NO;
				MTL_FAST_MATH = YES;
				SDKROOT = iphoneos;
				SWIFT_COMPILATION_MODE = wholemodule;
				SWIFT_OPTIMIZATION_LEVEL = "-O";
				VALIDATE_PRODUCT = YES;
			};
			name = Release;
		};
		BC1CD0F62626024A00C72422 /* Debug */ = {
			isa = XCBuildConfiguration;
			buildSettings = {
				ASSETCATALOG_COMPILER_APPICON_NAME = AppIcon;
				CODE_SIGN_STYLE = Automatic;
				DEVELOPMENT_TEAM = 2J5JQ97N3K;
				INFOPLIST_FILE = VIPERiOS/Info.plist;
				LD_RUNPATH_SEARCH_PATHS = (
					"$(inherited)",
					"@executable_path/Frameworks",
				);
				PRODUCT_BUNDLE_IDENTIFIER = Matias.VIPERiOS;
				PRODUCT_NAME = "$(TARGET_NAME)";
				SWIFT_VERSION = 5.0;
				TARGETED_DEVICE_FAMILY = "1,2";
			};
			name = Debug;
		};
		BC1CD0F72626024A00C72422 /* Release */ = {
			isa = XCBuildConfiguration;
			buildSettings = {
				ASSETCATALOG_COMPILER_APPICON_NAME = AppIcon;
				CODE_SIGN_STYLE = Automatic;
				DEVELOPMENT_TEAM = 2J5JQ97N3K;
				INFOPLIST_FILE = VIPERiOS/Info.plist;
				LD_RUNPATH_SEARCH_PATHS = (
					"$(inherited)",
					"@executable_path/Frameworks",
				);
				PRODUCT_BUNDLE_IDENTIFIER = Matias.VIPERiOS;
				PRODUCT_NAME = "$(TARGET_NAME)";
				SWIFT_VERSION = 5.0;
				TARGETED_DEVICE_FAMILY = "1,2";
			};
			name = Release;
		};
		BC1CD0F92626024A00C72422 /* Debug */ = {
			isa = XCBuildConfiguration;
			buildSettings = {
				ALWAYS_EMBED_SWIFT_STANDARD_LIBRARIES = YES;
				BUNDLE_LOADER = "$(TEST_HOST)";
				CODE_SIGN_STYLE = Automatic;
				DEVELOPMENT_TEAM = 2J5JQ97N3K;
				INFOPLIST_FILE = VIPERiOSTests/Info.plist;
				IPHONEOS_DEPLOYMENT_TARGET = 13.7;
				LD_RUNPATH_SEARCH_PATHS = (
					"$(inherited)",
					"@executable_path/Frameworks",
					"@loader_path/Frameworks",
				);
				PRODUCT_BUNDLE_IDENTIFIER = Matias.VIPERiOSTests;
				PRODUCT_NAME = "$(TARGET_NAME)";
				SWIFT_VERSION = 5.0;
				TARGETED_DEVICE_FAMILY = "1,2";
				TEST_HOST = "$(BUILT_PRODUCTS_DIR)/VIPERiOS.app/VIPERiOS";
			};
			name = Debug;
		};
		BC1CD0FA2626024A00C72422 /* Release */ = {
			isa = XCBuildConfiguration;
			buildSettings = {
				ALWAYS_EMBED_SWIFT_STANDARD_LIBRARIES = YES;
				BUNDLE_LOADER = "$(TEST_HOST)";
				CODE_SIGN_STYLE = Automatic;
				DEVELOPMENT_TEAM = 2J5JQ97N3K;
				INFOPLIST_FILE = VIPERiOSTests/Info.plist;
				IPHONEOS_DEPLOYMENT_TARGET = 13.7;
				LD_RUNPATH_SEARCH_PATHS = (
					"$(inherited)",
					"@executable_path/Frameworks",
					"@loader_path/Frameworks",
				);
				PRODUCT_BUNDLE_IDENTIFIER = Matias.VIPERiOSTests;
				PRODUCT_NAME = "$(TARGET_NAME)";
				SWIFT_VERSION = 5.0;
				TARGETED_DEVICE_FAMILY = "1,2";
				TEST_HOST = "$(BUILT_PRODUCTS_DIR)/VIPERiOS.app/VIPERiOS";
			};
			name = Release;
		};
/* End XCBuildConfiguration section */

/* Begin XCConfigurationList section */
		BC1CD0D12626024800C72422 /* Build configuration list for PBXProject "VIPERiOS" */ = {
			isa = XCConfigurationList;
			buildConfigurations = (
				BC1CD0F32626024A00C72422 /* Debug */,
				BC1CD0F42626024A00C72422 /* Release */,
			);
			defaultConfigurationIsVisible = 0;
			defaultConfigurationName = Release;
		};
		BC1CD0F52626024A00C72422 /* Build configuration list for PBXNativeTarget "VIPERiOS" */ = {
			isa = XCConfigurationList;
			buildConfigurations = (
				BC1CD0F62626024A00C72422 /* Debug */,
				BC1CD0F72626024A00C72422 /* Release */,
			);
			defaultConfigurationIsVisible = 0;
			defaultConfigurationName = Release;
		};
		BC1CD0F82626024A00C72422 /* Build configuration list for PBXNativeTarget "VIPERiOSTests" */ = {
			isa = XCConfigurationList;
			buildConfigurations = (
				BC1CD0F92626024A00C72422 /* Debug */,
				BC1CD0FA2626024A00C72422 /* Release */,
			);
			defaultConfigurationIsVisible = 0;
			defaultConfigurationName = Release;
		};
/* End XCConfigurationList section */
	};
	rootObject = BC1CD0CE2626024800C72422 /* Project object */;
}
